
Microsoft Visual Studio Solution File, Format Version 12.00
# Visual Studio Version 17
VisualStudioVersion = 17.11.35208.52
MinimumVisualStudioVersion = 10.0.40219.1
Project("{FAE04EC0-301F-11D3-BF4B-00C04F79EFBC}") = "kontrol_revis", "kontrol_revis\kontrol_revis.csproj", "{D22FFEFD-B299-42BA-B41D-E8FF652014C3}"
EndProject
Global
	GlobalSection(SolutionConfigurationPlatforms) = preSolution
		Debug|Any CPU = Debug|Any CPU
		Release|Any CPU = Release|Any CPU
	EndGlobalSection
	GlobalSection(ProjectConfigurationPlatforms) = postSolution
		{D22FFEFD-B299-42BA-B41D-E8FF652014C3}.Debug|Any CPU.ActiveCfg = Debug|Any CPU
		{D22FFEFD-B299-42BA-B41D-E8FF652014C3}.Debug|Any CPU.Build.0 = Debug|Any CPU
		{D22FFEFD-B299-42BA-B41D-E8FF652014C3}.Release|Any CPU.ActiveCfg = Release|Any CPU
		{D22FFEFD-B299-42BA-B41D-E8FF652014C3}.Release|Any CPU.Build.0 = Release|Any CPU
	EndGlobalSection
	GlobalSection(SolutionProperties) = preSolution
		HideSolutionNode = FALSE
	EndGlobalSection
	GlobalSection(ExtensibilityGlobals) = postSolution
		SolutionGuid = {25A4E6DC-8279-4AE9-83CC-178144C0AAF9}
	EndGlobalSection
EndGlobal
